
Microsoft Visual Studio Solution File, Format Version 12.00
# Visual Studio 14
VisualStudioVersion = 14.0.25420.1
MinimumVisualStudioVersion = 10.0.40219.1
Project("{151D2E53-A2C4-4D7D-83FE-D05416EBD58E}") = "SandboxCSP_v2", "SandboxCSP_v2\SandboxCSP_v2.deployproj", "{6451ACCB-3614-4ECF-86C3-9F05A47D76A2}"
EndProject
Global
	GlobalSection(SolutionConfigurationPlatforms) = preSolution
		Debug|Any CPU = Debug|Any CPU
		Release|Any CPU = Release|Any CPU
	EndGlobalSection
	GlobalSection(ProjectConfigurationPlatforms) = postSolution
		{6451ACCB-3614-4ECF-86C3-9F05A47D76A2}.Debug|Any CPU.ActiveCfg = Debug|Any CPU
		{6451ACCB-3614-4ECF-86C3-9F05A47D76A2}.Debug|Any CPU.Build.0 = Debug|Any CPU
		{6451ACCB-3614-4ECF-86C3-9F05A47D76A2}.Release|Any CPU.ActiveCfg = Release|Any CPU
		{6451ACCB-3614-4ECF-86C3-9F05A47D76A2}.Release|Any CPU.Build.0 = Release|Any CPU
	EndGlobalSection
	GlobalSection(SolutionProperties) = preSolution
		HideSolutionNode = FALSE
	EndGlobalSection
EndGlobal
