
Microsoft Visual Studio Solution File, Format Version 12.00
# Visual Studio 14
VisualStudioVersion = 14.0.24720.0
MinimumVisualStudioVersion = 10.0.40219.1
Project("{151D2E53-A2C4-4D7D-83FE-D05416EBD58E}") = "TrainingARM_CreateVNET", "TrainingARM\TrainingARM_CreateVNET.deployproj", "{AFD8654A-BE7A-4C3E-B75F-E6421AD1DAAF}"
EndProject
Global
	GlobalSection(SolutionConfigurationPlatforms) = preSolution
		Debug|Any CPU = Debug|Any CPU
		Release|Any CPU = Release|Any CPU
	EndGlobalSection
	GlobalSection(ProjectConfigurationPlatforms) = postSolution
		{AFD8654A-BE7A-4C3E-B75F-E6421AD1DAAF}.Debug|Any CPU.ActiveCfg = Debug|Any CPU
		{AFD8654A-BE7A-4C3E-B75F-E6421AD1DAAF}.Debug|Any CPU.Build.0 = Debug|Any CPU
		{AFD8654A-BE7A-4C3E-B75F-E6421AD1DAAF}.Release|Any CPU.ActiveCfg = Release|Any CPU
		{AFD8654A-BE7A-4C3E-B75F-E6421AD1DAAF}.Release|Any CPU.Build.0 = Release|Any CPU
	EndGlobalSection
	GlobalSection(SolutionProperties) = preSolution
		HideSolutionNode = FALSE
	EndGlobalSection
EndGlobal
